
Microsoft Visual Studio Solution File, Format Version 12.00
# Visual Studio 15
VisualStudioVersion = 15.0.28010.2026
MinimumVisualStudioVersion = 10.0.40219.1
Project("{FAE04EC0-301F-11D3-BF4B-00C04F79EFBC}") = "Special Palindrome", "Special Palindrome\Special Palindrome.csproj", "{FB008A8D-BA44-4F27-8E3D-111D5B75150B}"
EndProject
Global
	GlobalSection(SolutionConfigurationPlatforms) = preSolution
		Debug|Any CPU = Debug|Any CPU
		Release|Any CPU = Release|Any CPU
	EndGlobalSection
	GlobalSection(ProjectConfigurationPlatforms) = postSolution
		{FB008A8D-BA44-4F27-8E3D-111D5B75150B}.Debug|Any CPU.ActiveCfg = Debug|Any CPU
		{FB008A8D-BA44-4F27-8E3D-111D5B75150B}.Debug|Any CPU.Build.0 = Debug|Any CPU
		{FB008A8D-BA44-4F27-8E3D-111D5B75150B}.Release|Any CPU.ActiveCfg = Release|Any CPU
		{FB008A8D-BA44-4F27-8E3D-111D5B75150B}.Release|Any CPU.Build.0 = Release|Any CPU
	EndGlobalSection
	GlobalSection(SolutionProperties) = preSolution
		HideSolutionNode = FALSE
	EndGlobalSection
	GlobalSection(ExtensibilityGlobals) = postSolution
		SolutionGuid = {8BD7B4CC-8223-4545-A42A-E7FA17EA0332}
	EndGlobalSection
EndGlobal
